PODS:
  - app_installer (1.0.0):
    - Flutter
  - barcode_scan2 (0.0.1):
    - Flutter
    - MTBBarcodeScanner
    - SwiftProtobuf
  - device_info (0.0.1):
    - Flutter
  - Flutter (1.0.0)
  - flutter_sms (1.1.0):
    - Flutter
  - FMDB (2.7.5):
    - FMDB/standard (= 2.7.5)
  - FMDB/standard (2.7.5)
  - image_picker (0.0.1):
    - Flutter
  - MTBBarcodeScanner (5.0.11)
  - OneSignal (2.16.5)
  - onesignal_flutter (2.6.4):
    - Flutter
    - OneSignal (= 2.16.5)
  - package_info (0.0.1):
    - Flutter
  - path_provider (0.0.1):
    - Flutter
  - share (0.0.1):
    - Flutter
  - shared_preferences (0.0.1):
    - Flutter
  - sqflite (0.0.2):
    - Flutter
    - FMDB (>= 2.7.5)
  - SwiftProtobuf (1.17.0)
  - url_launcher (0.0.1):
    - Flutter

DEPENDENCIES:
  - app_installer (from `.symlinks/plugins/app_installer/ios`)
  - barcode_scan2 (from `.symlinks/plugins/barcode_scan2/ios`)
  - device_info (from `.symlinks/plugins/device_info/ios`)
  - Flutter (from `Flutter`)
  - flutter_sms (from `.symlinks/plugins/flutter_sms/ios`)
  - image_picker (from `.symlinks/plugins/image_picker/ios`)
  - OneSignal (< 3.0, >= 2.9.3)
  - onesignal_flutter (from `.symlinks/plugins/onesignal_flutter/ios`)
  - package_info (from `.symlinks/plugins/package_info/ios`)
  - path_provider (from `.symlinks/plugins/path_provider/ios`)
  - share (from `.symlinks/plugins/share/ios`)
  - shared_preferences (from `.symlinks/plugins/shared_preferences/ios`)
  - sqflite (from `.symlinks/plugins/sqflite/ios`)
  - url_launcher (from `.symlinks/plugins/url_launcher/ios`)

SPEC REPOS:
  trunk:
    - FMDB
    - MTBBarcodeScanner
    - OneSignal
    - SwiftProtobuf

EXTERNAL SOURCES:
  app_installer:
    :path: ".symlinks/plugins/app_installer/ios"
  barcode_scan2:
    :path: ".symlinks/plugins/barcode_scan2/ios"
  device_info:
    :path: ".symlinks/plugins/device_info/ios"
  Flutter:
    :path: Flutter
  flutter_sms:
    :path: ".symlinks/plugins/flutter_sms/ios"
  image_picker:
    :path: ".symlinks/plugins/image_picker/ios"
  onesignal_flutter:
    :path: ".symlinks/plugins/onesignal_flutter/ios"
  package_info:
    :path: ".symlinks/plugins/package_info/ios"
  path_provider:
    :path: ".symlinks/plugins/path_provider/ios"
  share:
    :path: ".symlinks/plugins/share/ios"
  shared_preferences:
    :path: ".symlinks/plugins/shared_preferences/ios"
  sqflite:
    :path: ".symlinks/plugins/sqflite/ios"
  url_launcher:
    :path: ".symlinks/plugins/url_launcher/ios"

SPEC CHECKSUMS:
  app_installer: 7482d059274b5a462735ff7f5eff6ea73be73129
  barcode_scan2: 0af2bb63c81b4565aab6cd78278e4c0fa136dbb0
  device_info: d7d233b645a32c40dfdc212de5cf646ca482f175
  Flutter: 434fef37c0980e73bb6479ef766c45957d4b510c
  flutter_sms: 91ce41530f55c85d6524d82307a5d555844c086a
  FMDB: 2ce00b547f966261cd18927a3ddb07cb6f3db82a
  image_picker: e06f7a68f000bd36f552c1847e33cda96ed31f1f
  MTBBarcodeScanner: f453b33c4b7dfe545d8c6484ed744d55671788cb
  OneSignal: b72068b06b359f22e27404edee87338f4b68e783
  onesignal_flutter: 48eddd9a4eddc7ed5052eef8a6ab6f9ed73e6ebc
  package_info: 873975fc26034f0b863a300ad47e7f1ac6c7ec62
  path_provider: abfe2b5c733d04e238b0d8691db0cfd63a27a93c
  share: 0b2c3e82132f5888bccca3351c504d0003b3b410
  shared_preferences: af6bfa751691cdc24be3045c43ec037377ada40d
  sqflite: 6d358c025f5b867b29ed92fc697fd34924e11904
  SwiftProtobuf: 9c85136c6ba74b0a1b84279dbf0f6db8efb714e0
  url_launcher: 6fef411d543ceb26efce54b05a0a40bfd74cbbef

PODFILE CHECKSUM: 771a6b489590fecba4a2c20acab644071d04848c

COCOAPODS: 1.10.1
